Microsoft Visual Studio Solution File, Format Version 12.00
# Visual Studio Version 17
VisualStudioVersion = 17.5.2.0
MinimumVisualStudioVersion = 10.0.40219.1
Project("{FAE04EC0-301F-11D3-BF4B-00C04F79EFBC}") = "BacktrackBag", "BacktrackBag.csproj", "{4C1A4F88-F16E-EF6E-C04F-DFB3F7590BDB}"
EndProject
Global
	GlobalSection(SolutionConfigurationPlatforms) = preSolution
		Debug|Any CPU = Debug|Any CPU
		Release|Any CPU = Release|Any CPU
	EndGlobalSection
	GlobalSection(ProjectConfigurationPlatforms) = postSolution
		{4C1A4F88-F16E-EF6E-C04F-DFB3F7590BDB}.Debug|Any CPU.ActiveCfg = Debug|Any CPU
		{4C1A4F88-F16E-EF6E-C04F-DFB3F7590BDB}.Debug|Any CPU.Build.0 = Debug|Any CPU
		{4C1A4F88-F16E-EF6E-C04F-DFB3F7590BDB}.Release|Any CPU.ActiveCfg = Release|Any CPU
		{4C1A4F88-F16E-EF6E-C04F-DFB3F7590BDB}.Release|Any CPU.Build.0 = Release|Any CPU
	EndGlobalSection
	GlobalSection(SolutionProperties) = preSolution
		HideSolutionNode = FALSE
	EndGlobalSection
	GlobalSection(ExtensibilityGlobals) = postSolution
		SolutionGuid = {821620CA-47CF-43DE-9D05-87439C1CC4BC}
	EndGlobalSection
EndGlobal
